{
  "name": "ts-westworld",
  "version": "1.0.5",
  "lockfileVersion": 1,
  "requires": true,
  "dependencies": {
    "@types/node": {
      "version": "14.0.24",
      "resolved": "https://registry.npmjs.org/@types/node/-/node-14.0.24.tgz",
      "integrity": "sha512-btt/oNOiDWcSuI721MdL8VQGnjsKjlTMdrKyTcLCKeQp/n4AAMFJ961wMbp+09y8WuGPClDEv07RIItdXKIXAA==",
      "dev": true
    },
    "linq": {
      "version": "3.2.2",
      "resolved": "https://registry.npmjs.org/linq/-/linq-3.2.2.tgz",
      "integrity": "sha512-AtVkCFwg7dizILt88ent7Bng1OLAnKMWBOLo9Kh7ZPFK8OcfYGi2FEzmr66QJtV7uBYZVf19AbVs0B14rIUi+w=="
    },
    "reflect-metadata": {
      "version": "0.1.13",
      "resolved": "https://registry.npmjs.org/reflect-metadata/-/reflect-metadata-0.1.13.tgz",
      "integrity": "sha512-Ts1Y/anZELhSsjMcU605fU9RE4Oi3p5ORujwbIKXfWa+0Zxs510Qrmrce5/Jowq3cHSZSJqBjypxmHarc+vEWg==",
      "dev": true
    }
  }
}
