{
  "name": "tests",
  "version": "1.0.0",
  "lockfileVersion": 1,
  "requires": true,
  "dependencies": {
    "linq": {
      "version": "3.2.2",
      "resolved": "https://registry.npmjs.org/linq/-/linq-3.2.2.tgz",
      "integrity": "sha512-AtVkCFwg7dizILt88ent7Bng1OLAnKMWBOLo9Kh7ZPFK8OcfYGi2FEzmr66QJtV7uBYZVf19AbVs0B14rIUi+w=="
    },
    "reflect-metadata": {
      "version": "0.1.13",
      "resolved": "https://registry.npmjs.org/reflect-metadata/-/reflect-metadata-0.1.13.tgz",
      "integrity": "sha512-Ts1Y/anZELhSsjMcU605fU9RE4Oi3p5ORujwbIKXfWa+0Zxs510Qrmrce5/Jowq3cHSZSJqBjypxmHarc+vEWg=="
    },
    "ts-westworld": {
      "version": "1.0.3",
      "resolved": "https://registry.npmjs.org/ts-westworld/-/ts-westworld-1.0.3.tgz",
      "integrity": "sha512-eEky1KB8EhgxBbs5os/A2YOBchA93MeVJypXDyt7Lbl2UdQzejCbfrxK0nGhevUC5HG1XokkdpHdOhccKyIr0w==",
      "requires": {
        "linq": "^3.2.2"
      }
    }
  }
}
